// !$*UTF8*$!
{
	archiveVersion = 1;
	classes = {
	};
	objectVersion = 48;
	objects = {

/* Begin PBXBuildFile section */
		47E521B16EF4F96A47D5C791 /* Pods_SocialMediaWithFirebase.framework in Frameworks */ = {isa = PBXBuildFile; fileRef = 60045594A6191A16B76C2A71 /* Pods_SocialMediaWithFirebase.framework */; };
		D43305C2206D49070097465D /* PhotoSelectorCell.swift in Sources */ = {isa = PBXBuildFile; fileRef = D43305C1206D49070097465D /* PhotoSelectorCell.swift */; };
		D43305C4206D51E60097465D /* PhotoSelectorHeader.swift in Sources */ = {isa = PBXBuildFile; fileRef = D43305C3206D51E60097465D /* PhotoSelectorHeader.swift */; };
		D458FC2B206C224100CE33E1 /* PhotoSelectorController.swift in Sources */ = {isa = PBXBuildFile; fileRef = D458FC2A206C224100CE33E1 /* PhotoSelectorController.swift */; };
		D4E5935C2066B0C1008C9504 /* AppDelegate.swift in Sources */ = {isa = PBXBuildFile; fileRef = D4E5935B2066B0C1008C9504 /* AppDelegate.swift */; };
		D4E5935E2066B0C1008C9504 /* SignUpViewController.swift in Sources */ = {isa = PBXBuildFile; fileRef = D4E5935D2066B0C1008C9504 /* SignUpViewController.swift */; };
		D4E593632066B0C1008C9504 /* Assets.xcassets in Resources */ = {isa = PBXBuildFile; fileRef = D4E593622066B0C1008C9504 /* Assets.xcassets */; };
		D4E593662066B0C1008C9504 /* LaunchScreen.storyboard in Resources */ = {isa = PBXBuildFile; fileRef = D4E593642066B0C1008C9504 /* LaunchScreen.storyboard */; };
		D4E5936E2066B1CF008C9504 /* ConstrainHelper.swift in Sources */ = {isa = PBXBuildFile; fileRef = D4E5936D2066B1CF008C9504 /* ConstrainHelper.swift */; };
		D4E593722066BA58008C9504 /* Main.storyboard in Resources */ = {isa = PBXBuildFile; fileRef = D4E593712066BA58008C9504 /* Main.storyboard */; };
		D4E593762066F8F4008C9504 /* GoogleService-Info.plist in Resources */ = {isa = PBXBuildFile; fileRef = D4E593752066F8F4008C9504 /* GoogleService-Info.plist */; };
		D4E5937820681E60008C9504 /* MainTabBarViewController.swift in Sources */ = {isa = PBXBuildFile; fileRef = D4E5937720681E60008C9504 /* MainTabBarViewController.swift */; };
		D4E5937A20681EAF008C9504 /* UserProfileController.swift in Sources */ = {isa = PBXBuildFile; fileRef = D4E5937920681EAF008C9504 /* UserProfileController.swift */; };
		D4E5937D206827E1008C9504 /* UserProfileHeader.swift in Sources */ = {isa = PBXBuildFile; fileRef = D4E5937C206827E1008C9504 /* UserProfileHeader.swift */; };
		D4E59382206AA810008C9504 /* LoginViewController.swift in Sources */ = {isa = PBXBuildFile; fileRef = D4E59381206AA810008C9504 /* LoginViewController.swift */; };
/* End PBXBuildFile section */

/* Begin PBXFileReference section */
		60045594A6191A16B76C2A71 /* Pods_SocialMediaWithFirebase.framework */ = {isa = PBXFileReference; explicitFileType = wrapper.framework; includeInIndex = 0; path = Pods_SocialMediaWithFirebase.framework; sourceTree = BUILT_PRODUCTS_DIR; };
		8F00AD998A07B01D3A56FB9B /* Pods-SocialMediaWithFirebase.release.xcconfig */ = {isa = PBXFileReference; includeInIndex = 1; lastKnownFileType = text.xcconfig; name = "Pods-SocialMediaWithFirebase.release.xcconfig"; path = "Pods/Target Support Files/Pods-SocialMediaWithFirebase/Pods-SocialMediaWithFirebase.release.xcconfig"; sourceTree = "<group>"; };
		B07624258BC0EF3505168596 /* Pods-SocialMediaWithFirebase.debug.xcconfig */ = {isa = PBXFileReference; includeInIndex = 1; lastKnownFileType = text.xcconfig; name = "Pods-SocialMediaWithFirebase.debug.xcconfig"; path = "Pods/Target Support Files/Pods-SocialMediaWithFirebase/Pods-SocialMediaWithFirebase.debug.xcconfig"; sourceTree = "<group>"; };
		D43305C1206D49070097465D /* PhotoSelectorCell.swift */ = {isa = PBXFileReference; lastKnownFileType = sourcecode.swift; path = PhotoSelectorCell.swift; sourceTree = "<group>"; };
		D43305C3206D51E60097465D /* PhotoSelectorHeader.swift */ = {isa = PBXFileReference; lastKnownFileType = sourcecode.swift; path = PhotoSelectorHeader.swift; sourceTree = "<group>"; };
		D43305C5206D57B90097465D /* README.md */ = {isa = PBXFileReference; lastKnownFileType = net.daringfireball.markdown; path = README.md; sourceTree = "<group>"; };
		D458FC2A206C224100CE33E1 /* PhotoSelectorController.swift */ = {isa = PBXFileReference; lastKnownFileType = sourcecode.swift; path = PhotoSelectorController.swift; sourceTree = "<group>"; };
		D4E593582066B0C1008C9504 /* SocialMediaWithFirebase.app */ = {isa = PBXFileReference; explicitFileType = wrapper.application; includeInIndex = 0; path = SocialMediaWithFirebase.app; sourceTree = BUILT_PRODUCTS_DIR; };
		D4E5935B2066B0C1008C9504 /* AppDelegate.swift */ = {isa = PBXFileReference; lastKnownFileType = sourcecode.swift; path = AppDelegate.swift; sourceTree = "<group>"; };
		D4E5935D2066B0C1008C9504 /* SignUpViewController.swift */ = {isa = PBXFileReference; lastKnownFileType = sourcecode.swift; path = SignUpViewController.swift; sourceTree = "<group>"; };
		D4E593622066B0C1008C9504 /* Assets.xcassets */ = {isa = PBXFileReference; lastKnownFileType = folder.assetcatalog; path = Assets.xcassets; sourceTree = "<group>"; };
		D4E593652066B0C1008C9504 /* Base */ = {isa = PBXFileReference; lastKnownFileType = file.storyboard; name = Base; path = Base.lproj/LaunchScreen.storyboard; sourceTree = "<group>"; };
		D4E593672066B0C1008C9504 /* Info.plist */ = {isa = PBXFileReference; lastKnownFileType = text.plist.xml; path = Info.plist; sourceTree = "<group>"; };
		D4E5936D2066B1CF008C9504 /* ConstrainHelper.swift */ = {isa = PBXFileReference; lastKnownFileType = sourcecode.swift; path = ConstrainHelper.swift; sourceTree = "<group>"; };
		D4E593712066BA58008C9504 /* Main.storyboard */ = {isa = PBXFileReference; lastKnownFileType = file.storyboard; path = Main.storyboard; sourceTree = "<group>"; };
		D4E593752066F8F4008C9504 /* GoogleService-Info.plist */ = {isa = PBXFileReference; fileEncoding = 4; lastKnownFileType = text.plist.xml; path = "GoogleService-Info.plist"; sourceTree = "<group>"; };
		D4E5937720681E60008C9504 /* MainTabBarViewController.swift */ = {isa = PBXFileReference; lastKnownFileType = sourcecode.swift; path = MainTabBarViewController.swift; sourceTree = "<group>"; };
		D4E5937920681EAF008C9504 /* UserProfileController.swift */ = {isa = PBXFileReference; lastKnownFileType = sourcecode.swift; path = UserProfileController.swift; sourceTree = "<group>"; };
		D4E5937C206827E1008C9504 /* UserProfileHeader.swift */ = {isa = PBXFileReference; lastKnownFileType = sourcecode.swift; path = UserProfileHeader.swift; sourceTree = "<group>"; };
		D4E59381206AA810008C9504 /* LoginViewController.swift */ = {isa = PBXFileReference; lastKnownFileType = sourcecode.swift; path = LoginViewController.swift; sourceTree = "<group>"; };
/* End PBXFileReference section */

/* Begin PBXFrameworksBuildPhase section */
		D4E593552066B0C1008C9504 /* Frameworks */ = {
			isa = PBXFrameworksBuildPhase;
			buildActionMask = 2147483647;
			files = (
				47E521B16EF4F96A47D5C791 /* Pods_SocialMediaWithFirebase.framework in Frameworks */,
			);
			runOnlyForDeploymentPostprocessing = 0;
		};
/* End PBXFrameworksBuildPhase section */

/* Begin PBXGroup section */
		00271B7324BC3E203AC465C5 /* Frameworks */ = {
			isa = PBXGroup;
			children = (
				60045594A6191A16B76C2A71 /* Pods_SocialMediaWithFirebase.framework */,
			);
			name = Frameworks;
			sourceTree = "<group>";
		};
		21E87759996CAFD7967CFFAA /* Pods */ = {
			isa = PBXGroup;
			children = (
				B07624258BC0EF3505168596 /* Pods-SocialMediaWithFirebase.debug.xcconfig */,
				8F00AD998A07B01D3A56FB9B /* Pods-SocialMediaWithFirebase.release.xcconfig */,
			);
			name = Pods;
			sourceTree = "<group>";
		};
		D458FC2C206C224A00CE33E1 /* AddPhoto */ = {
			isa = PBXGroup;
			children = (
				D458FC2A206C224100CE33E1 /* PhotoSelectorController.swift */,
				D43305C3206D51E60097465D /* PhotoSelectorHeader.swift */,
				D43305C1206D49070097465D /* PhotoSelectorCell.swift */,
			);
			path = AddPhoto;
			sourceTree = "<group>";
		};
		D4E5934F2066B0C1008C9504 = {
			isa = PBXGroup;
			children = (
				D43305C5206D57B90097465D /* README.md */,
				D4E5935A2066B0C1008C9504 /* SocialMediaWithFirebase */,
				D4E593592066B0C1008C9504 /* Products */,
				21E87759996CAFD7967CFFAA /* Pods */,
				00271B7324BC3E203AC465C5 /* Frameworks */,
			);
			sourceTree = "<group>";
		};
		D4E593592066B0C1008C9504 /* Products */ = {
			isa = PBXGroup;
			children = (
				D4E593582066B0C1008C9504 /* SocialMediaWithFirebase.app */,
			);
			name = Products;
			sourceTree = "<group>";
		};
		D4E5935A2066B0C1008C9504 /* SocialMediaWithFirebase */ = {
			isa = PBXGroup;
			children = (
				D458FC2C206C224A00CE33E1 /* AddPhoto */,
				D4E59380206AA7EB008C9504 /* Login */,
				D4E5937B20682792008C9504 /* UserProfile */,
				D4E5936F2066B1D5008C9504 /* Util */,
				D4E593702066B1DC008C9504 /* Helpers */,
			);
			path = SocialMediaWithFirebase;
			sourceTree = "<group>";
		};
		D4E5936F2066B1D5008C9504 /* Util */ = {
			isa = PBXGroup;
			children = (
				D4E5935B2066B0C1008C9504 /* AppDelegate.swift */,
				D4E5937720681E60008C9504 /* MainTabBarViewController.swift */,
				D4E593712066BA58008C9504 /* Main.storyboard */,
				D4E593752066F8F4008C9504 /* GoogleService-Info.plist */,
				D4E593622066B0C1008C9504 /* Assets.xcassets */,
				D4E593642066B0C1008C9504 /* LaunchScreen.storyboard */,
				D4E593672066B0C1008C9504 /* Info.plist */,
			);
			path = Util;
			sourceTree = "<group>";
		};
		D4E593702066B1DC008C9504 /* Helpers */ = {
			isa = PBXGroup;
			children = (
				D4E5936D2066B1CF008C9504 /* ConstrainHelper.swift */,
			);
			path = Helpers;
			sourceTree = "<group>";
		};
		D4E5937B20682792008C9504 /* UserProfile */ = {
			isa = PBXGroup;
			children = (
				D4E5937920681EAF008C9504 /* UserProfileController.swift */,
				D4E5937C206827E1008C9504 /* UserProfileHeader.swift */,
			);
			path = UserProfile;
			sourceTree = "<group>";
		};
		D4E59380206AA7EB008C9504 /* Login */ = {
			isa = PBXGroup;
			children = (
				D4E5935D2066B0C1008C9504 /* SignUpViewController.swift */,
				D4E59381206AA810008C9504 /* LoginViewController.swift */,
			);
			name = Login;
			path = ..;
			sourceTree = "<group>";
		};
/* End PBXGroup section */

/* Begin PBXNativeTarget section */
		D4E593572066B0C1008C9504 /* SocialMediaWithFirebase */ = {
			isa = PBXNativeTarget;
			buildConfigurationList = D4E5936A2066B0C1008C9504 /* Build configuration list for PBXNativeTarget "SocialMediaWithFirebase" */;
			buildPhases = (
				7E1FA15AA36B31335D2657D1 /* [CP] Check Pods Manifest.lock */,
				D4E593542066B0C1008C9504 /* Sources */,
				D4E593552066B0C1008C9504 /* Frameworks */,
				D4E593562066B0C1008C9504 /* Resources */,
				27A0FC2A93C20D02C3729415 /* [CP] Embed Pods Frameworks */,
				99E15510F6E548C6B2208A45 /* [CP] Copy Pods Resources */,
			);
			buildRules = (
			);
			dependencies = (
			);
			name = SocialMediaWithFirebase;
			productName = SocialMediaWithFirebase;
			productReference = D4E593582066B0C1008C9504 /* SocialMediaWithFirebase.app */;
			productType = "com.apple.product-type.application";
		};
/* End PBXNativeTarget section */

/* Begin PBXProject section */
		D4E593502066B0C1008C9504 /* Project object */ = {
			isa = PBXProject;
			attributes = {
				LastSwiftUpdateCheck = 0920;
				LastUpgradeCheck = 0920;
				ORGANIZATIONNAME = "eric yu";
				TargetAttributes = {
					D4E593572066B0C1008C9504 = {
						CreatedOnToolsVersion = 9.2;
						ProvisioningStyle = Automatic;
					};
				};
			};
			buildConfigurationList = D4E593532066B0C1008C9504 /* Build configuration list for PBXProject "SocialMediaWithFirebase" */;
			compatibilityVersion = "Xcode 8.0";
			developmentRegion = en;
			hasScannedForEncodings = 0;
			knownRegions = (
				en,
				Base,
			);
			mainGroup = D4E5934F2066B0C1008C9504;
			productRefGroup = D4E593592066B0C1008C9504 /* Products */;
			projectDirPath = "";
			projectRoot = "";
			targets = (
				D4E593572066B0C1008C9504 /* SocialMediaWithFirebase */,
			);
		};
/* End PBXProject section */

/* Begin PBXResourcesBuildPhase section */
		D4E593562066B0C1008C9504 /* Resources */ = {
			isa = PBXResourcesBuildPhase;
			buildActionMask = 2147483647;
			files = (
				D4E593722066BA58008C9504 /* Main.storyboard in Resources */,
				D4E593762066F8F4008C9504 /* GoogleService-Info.plist in Resources */,
				D4E593662066B0C1008C9504 /* LaunchScreen.storyboard in Resources */,
				D4E593632066B0C1008C9504 /* Assets.xcassets in Resources */,
			);
			runOnlyForDeploymentPostprocessing = 0;
		};
/* End PBXResourcesBuildPhase section */

/* Begin PBXShellScriptBuildPhase section */
		27A0FC2A93C20D02C3729415 /* [CP] Embed Pods Frameworks */ = {
			isa = PBXShellScriptBuildPhase;
			buildActionMask = 2147483647;
			files = (
			);
			inputPaths = (
			);
			name = "[CP] Embed Pods Frameworks";
			outputPaths = (
			);
			runOnlyForDeploymentPostprocessing = 0;
			shellPath = /bin/sh;
			shellScript = "\"${SRCROOT}/Pods/Target Support Files/Pods-SocialMediaWithFirebase/Pods-SocialMediaWithFirebase-frameworks.sh\"\n";
			showEnvVarsInLog = 0;
		};
		7E1FA15AA36B31335D2657D1 /* [CP] Check Pods Manifest.lock */ = {
			isa = PBXShellScriptBuildPhase;
			buildActionMask = 2147483647;
			files = (
			);
			inputPaths = (
			);
			name = "[CP] Check Pods Manifest.lock";
			outputPaths = (
			);
			runOnlyForDeploymentPostprocessing = 0;
			shellPath = /bin/sh;
			shellScript = "diff \"${PODS_PODFILE_DIR_PATH}/Podfile.lock\" \"${PODS_ROOT}/Manifest.lock\" > /dev/null\nif [ $? != 0 ] ; then\n    # print error to STDERR\n    echo \"error: The sandbox is not in sync with the Podfile.lock. Run 'pod install' or update your CocoaPods installation.\" >&2\n    exit 1\nfi\n";
			showEnvVarsInLog = 0;
		};
		99E15510F6E548C6B2208A45 /* [CP] Copy Pods Resources */ = {
			isa = PBXShellScriptBuildPhase;
			buildActionMask = 2147483647;
			files = (
			);
			inputPaths = (
			);
			name = "[CP] Copy Pods Resources";
			outputPaths = (
			);
			runOnlyForDeploymentPostprocessing = 0;
			shellPath = /bin/sh;
			shellScript = "\"${SRCROOT}/Pods/Target Support Files/Pods-SocialMediaWithFirebase/Pods-SocialMediaWithFirebase-resources.sh\"\n";
			showEnvVarsInLog = 0;
		};
/* End PBXShellScriptBuildPhase section */

/* Begin PBXSourcesBuildPhase section */
		D4E593542066B0C1008C9504 /* Sources */ = {
			isa = PBXSourcesBuildPhase;
			buildActionMask = 2147483647;
			files = (
				D4E59382206AA810008C9504 /* LoginViewController.swift in Sources */,
				D4E5935E2066B0C1008C9504 /* SignUpViewController.swift in Sources */,
				D4E5937820681E60008C9504 /* MainTabBarViewController.swift in Sources */,
				D4E5935C2066B0C1008C9504 /* AppDelegate.swift in Sources */,
				D4E5937D206827E1008C9504 /* UserProfileHeader.swift in Sources */,
				D43305C2206D49070097465D /* PhotoSelectorCell.swift in Sources */,
				D4E5937A20681EAF008C9504 /* UserProfileController.swift in Sources */,
				D4E5936E2066B1CF008C9504 /* ConstrainHelper.swift in Sources */,
				D43305C4206D51E60097465D /* PhotoSelectorHeader.swift in Sources */,
				D458FC2B206C224100CE33E1 /* PhotoSelectorController.swift in Sources */,
			);
			runOnlyForDeploymentPostprocessing = 0;
		};
/* End PBXSourcesBuildPhase section */

/* Begin PBXVariantGroup section */
		D4E593642066B0C1008C9504 /* LaunchScreen.storyboard */ = {
			isa = PBXVariantGroup;
			children = (
				D4E593652066B0C1008C9504 /* Base */,
			);
			name = LaunchScreen.storyboard;
			sourceTree = "<group>";
		};
/* End PBXVariantGroup section */

/* Begin XCBuildConfiguration section */
		D4E593682066B0C1008C9504 /* Debug */ = {
			isa = XCBuildConfiguration;
			buildSettings = {
				ALWAYS_SEARCH_USER_PATHS = NO;
				CLANG_ANALYZER_NONNULL = YES;
				CLANG_ANALYZER_NUMBER_OBJECT_CONVERSION = YES_AGGRESSIVE;
				CLANG_CXX_LANGUAGE_STANDARD = "gnu++14";
				CLANG_CXX_LIBRARY = "libc++";
				CLANG_ENABLE_MODULES = YES;
				CLANG_ENABLE_OBJC_ARC = YES;
				CLANG_WARN_BLOCK_CAPTURE_AUTORELEASING = YES;
				CLANG_WARN_BOOL_CONVERSION = YES;
				CLANG_WARN_COMMA = YES;
				CLANG_WARN_CONSTANT_CONVERSION = YES;
				CLANG_WARN_DIRECT_OBJC_ISA_USAGE = YES_ERROR;
				CLANG_WARN_DOCUMENTATION_COMMENTS = YES;
				CLANG_WARN_EMPTY_BODY = YES;
				CLANG_WARN_ENUM_CONVERSION = YES;
				CLANG_WARN_INFINITE_RECURSION = YES;
				CLANG_WARN_INT_CONVERSION = YES;
				CLANG_WARN_NON_LITERAL_NULL_CONVERSION = YES;
				CLANG_WARN_OBJC_LITERAL_CONVERSION = YES;
				CLANG_WARN_OBJC_ROOT_CLASS = YES_ERROR;
				CLANG_WARN_RANGE_LOOP_ANALYSIS = YES;
				CLANG_WARN_STRICT_PROTOTYPES = YES;
				CLANG_WARN_SUSPICIOUS_MOVE = YES;
				CLANG_WARN_UNGUARDED_AVAILABILITY = YES_AGGRESSIVE;
				CLANG_WARN_UNREACHABLE_CODE = YES;
				CLANG_WARN__DUPLICATE_METHOD_MATCH = YES;
				CODE_SIGN_IDENTITY = "iPhone Developer";
				COPY_PHASE_STRIP = NO;
				DEBUG_INFORMATION_FORMAT = dwarf;
				ENABLE_STRICT_OBJC_MSGSEND = YES;
				ENABLE_TESTABILITY = YES;
				GCC_C_LANGUAGE_STANDARD = gnu11;
				GCC_DYNAMIC_NO_PIC = NO;
				GCC_NO_COMMON_BLOCKS = YES;
				GCC_OPTIMIZATION_LEVEL = 0;
				GCC_PREPROCESSOR_DEFINITIONS = (
					"DEBUG=1",
					"$(inherited)",
				);
				GCC_WARN_64_TO_32_BIT_CONVERSION = YES;
				GCC_WARN_ABOUT_RETURN_TYPE = YES_ERROR;
				GCC_WARN_UNDECLARED_SELECTOR = YES;
				GCC_WARN_UNINITIALIZED_AUTOS = YES_AGGRESSIVE;
				GCC_WARN_UNUSED_FUNCTION = YES;
				GCC_WARN_UNUSED_VARIABLE = YES;
				IPHONEOS_DEPLOYMENT_TARGET = 11.2;
				MTL_ENABLE_DEBUG_INFO = YES;
				ONLY_ACTIVE_ARCH = YES;
				SDKROOT = iphoneos;
				SWIFT_ACTIVE_COMPILATION_CONDITIONS = DEBUG;
				SWIFT_OPTIMIZATION_LEVEL = "-Onone";
			};
			name = Debug;
		};
		D4E593692066B0C1008C9504 /* Release */ = {
			isa = XCBuildConfiguration;
			buildSettings = {
				ALWAYS_SEARCH_USER_PATHS = NO;
				CLANG_ANALYZER_NONNULL = YES;
				CLANG_ANALYZER_NUMBER_OBJECT_CONVERSION = YES_AGGRESSIVE;
				CLANG_CXX_LANGUAGE_STANDARD = "gnu++14";
				CLANG_CXX_LIBRARY = "libc++";
				CLANG_ENABLE_MODULES = YES;
				CLANG_ENABLE_OBJC_ARC = YES;
				CLANG_WARN_BLOCK_CAPTURE_AUTORELEASING = YES;
				CLANG_WARN_BOOL_CONVERSION = YES;
				CLANG_WARN_COMMA = YES;
				CLANG_WARN_CONSTANT_CONVERSION = YES;
				CLANG_WARN_DIRECT_OBJC_ISA_USAGE = YES_ERROR;
				CLANG_WARN_DOCUMENTATION_COMMENTS = YES;
				CLANG_WARN_EMPTY_BODY = YES;
				CLANG_WARN_ENUM_CONVERSION = YES;
				CLANG_WARN_INFINITE_RECURSION = YES;
				CLANG_WARN_INT_CONVERSION = YES;
				CLANG_WARN_NON_LITERAL_NULL_CONVERSION = YES;
				CLANG_WARN_OBJC_LITERAL_CONVERSION = YES;
				CLANG_WARN_OBJC_ROOT_CLASS = YES_ERROR;
				CLANG_WARN_RANGE_LOOP_ANALYSIS = YES;
				CLANG_WARN_STRICT_PROTOTYPES = YES;
				CLANG_WARN_SUSPICIOUS_MOVE = YES;
				CLANG_WARN_UNGUARDED_AVAILABILITY = YES_AGGRESSIVE;
				CLANG_WARN_UNREACHABLE_CODE = YES;
				CLANG_WARN__DUPLICATE_METHOD_MATCH = YES;
				CODE_SIGN_IDENTITY = "iPhone Developer";
				COPY_PHASE_STRIP = NO;
				DEBUG_INFORMATION_FORMAT = "dwarf-with-dsym";
				ENABLE_NS_ASSERTIONS = NO;
				ENABLE_STRICT_OBJC_MSGSEND = YES;
				GCC_C_LANGUAGE_STANDARD = gnu11;
				GCC_NO_COMMON_BLOCKS = YES;
				GCC_WARN_64_TO_32_BIT_CONVERSION = YES;
				GCC_WARN_ABOUT_RETURN_TYPE = YES_ERROR;
				GCC_WARN_UNDECLARED_SELECTOR = YES;
				GCC_WARN_UNINITIALIZED_AUTOS = YES_AGGRESSIVE;
				GCC_WARN_UNUSED_FUNCTION = YES;
				GCC_WARN_UNUSED_VARIABLE = YES;
				IPHONEOS_DEPLOYMENT_TARGET = 11.2;
				MTL_ENABLE_DEBUG_INFO = NO;
				SDKROOT = iphoneos;
				SWIFT_OPTIMIZATION_LEVEL = "-Owholemodule";
				VALIDATE_PRODUCT = YES;
			};
			name = Release;
		};
		D4E5936B2066B0C1008C9504 /* Debug */ = {
			isa = XCBuildConfiguration;
			baseConfigurationReference = B07624258BC0EF3505168596 /* Pods-SocialMediaWithFirebase.debug.xcconfig */;
			buildSettings = {
				ASSETCATALOG_COMPILER_APPICON_NAME = AppIcon;
				CODE_SIGN_STYLE = Automatic;
				DEVELOPMENT_TEAM = XFDXLZRBS4;
				INFOPLIST_FILE = "$(SRCROOT)/SocialMediaWithFirebase/Util/Info.plist";
				LD_RUNPATH_SEARCH_PATHS = "$(inherited) @executable_path/Frameworks";
				PRODUCT_BUNDLE_IDENTIFIER = com.ericyu423.SocialMediaWithFirebase;
				PRODUCT_NAME = "$(TARGET_NAME)";
				SWIFT_VERSION = 4.0;
				TARGETED_DEVICE_FAMILY = "1,2";
			};
			name = Debug;
		};
		D4E5936C2066B0C1008C9504 /* Release */ = {
			isa = XCBuildConfiguration;
			baseConfigurationReference = 8F00AD998A07B01D3A56FB9B /* Pods-SocialMediaWithFirebase.release.xcconfig */;
			buildSettings = {
				ASSETCATALOG_COMPILER_APPICON_NAME = AppIcon;
				CODE_SIGN_STYLE = Automatic;
				DEVELOPMENT_TEAM = XFDXLZRBS4;
				INFOPLIST_FILE = "$(SRCROOT)/SocialMediaWithFirebase/Util/Info.plist";
				LD_RUNPATH_SEARCH_PATHS = "$(inherited) @executable_path/Frameworks";
				PRODUCT_BUNDLE_IDENTIFIER = com.ericyu423.SocialMediaWithFirebase;
				PRODUCT_NAME = "$(TARGET_NAME)";
				SWIFT_VERSION = 4.0;
				TARGETED_DEVICE_FAMILY = "1,2";
			};
			name = Release;
		};
/* End XCBuildConfiguration section */

/* Begin XCConfigurationList section */
		D4E593532066B0C1008C9504 /* Build configuration list for PBXProject "SocialMediaWithFirebase" */ = {
			isa = XCConfigurationList;
			buildConfigurations = (
				D4E593682066B0C1008C9504 /* Debug */,
				D4E593692066B0C1008C9504 /* Release */,
			);
			defaultConfigurationIsVisible = 0;
			defaultConfigurationName = Release;
		};
		D4E5936A2066B0C1008C9504 /* Build configuration list for PBXNativeTarget "SocialMediaWithFirebase" */ = {
			isa = XCConfigurationList;
			buildConfigurations = (
				D4E5936B2066B0C1008C9504 /* Debug */,
				D4E5936C2066B0C1008C9504 /* Release */,
			);
			defaultConfigurationIsVisible = 0;
			defaultConfigurationName = Release;
		};
/* End XCConfigurationList section */
	};
	rootObject = D4E593502066B0C1008C9504 /* Project object */;
}
